{
  "name": "ScheduleswornCronspammer",
  "lockfileVersion": 2,
  "requires": true,
  "packages": {
    "": {
      "dependencies": {
        "chrono-node": "^2.7.3"
      }
    },
    "node_modules/chrono-node": {
      "version": "2.7.3",
      "resolved": "https://registry.npmjs.org/chrono-node/-/chrono-node-2.7.3.tgz",
      "integrity": "sha512-M/CusGocGJaubS8OFPEzmSa6IT/MJo2LaVqFyUVaLMo+UWwqyahKHsDe9FQBzwaytVGwR/bwZ5JhnAcu894Owg==",
      "dependencies": {
        "dayjs": "^1.10.0"
      },
      "engines": {
        "node": "^12.20.0 || ^14.13.1 || >=16.0.0"
      }
    },
    "node_modules/dayjs": {
      "version": "1.11.10",
      "resolved": "https://registry.npmjs.org/dayjs/-/dayjs-1.11.10.tgz",
      "integrity": "sha512-vjAczensTgRcqDERK0SR2XMwsF/tSvnvlv6VcF2GIhg6Sx4yOIt/irsr1RDJsKiIyBzJDpCoXiWWq28MqH2cnQ=="
    }
  },
  "dependencies": {
    "chrono-node": {
      "version": "2.7.3",
      "resolved": "https://registry.npmjs.org/chrono-node/-/chrono-node-2.7.3.tgz",
      "integrity": "sha512-M/CusGocGJaubS8OFPEzmSa6IT/MJo2LaVqFyUVaLMo+UWwqyahKHsDe9FQBzwaytVGwR/bwZ5JhnAcu894Owg==",
      "requires": {
        "dayjs": "^1.10.0"
      }
    },
    "dayjs": {
      "version": "1.11.10",
      "resolved": "https://registry.npmjs.org/dayjs/-/dayjs-1.11.10.tgz",
      "integrity": "sha512-vjAczensTgRcqDERK0SR2XMwsF/tSvnvlv6VcF2GIhg6Sx4yOIt/irsr1RDJsKiIyBzJDpCoXiWWq28MqH2cnQ=="
    }
  }
}
